
Microsoft Visual Studio Solution File, Format Version 12.00
# Visual Studio Version 16
VisualStudioVersion = 16.0.30204.135
MinimumVisualStudioVersion = 10.0.40219.1
Project("{9A19103F-16F7-4668-BE54-9A1E7A4F7556}") = "Convesys.Platform.Tenancy", "Convesys.Platform.Tenancy\Convesys.Platform.Tenancy.csproj", "{02B4ADFC-1A59-41CE-9A9F-0571DEDF95DE}"
EndProject
Global
	GlobalSection(SolutionConfigurationPlatforms) = preSolution
		Debug|Any CPU = Debug|Any CPU
		Release|Any CPU = Release|Any CPU
	EndGlobalSection
	GlobalSection(ProjectConfigurationPlatforms) = postSolution
		{02B4ADFC-1A59-41CE-9A9F-0571DEDF95DE}.Debug|Any CPU.ActiveCfg = Debug|Any CPU
		{02B4ADFC-1A59-41CE-9A9F-0571DEDF95DE}.Debug|Any CPU.Build.0 = Debug|Any CPU
		{02B4ADFC-1A59-41CE-9A9F-0571DEDF95DE}.Release|Any CPU.ActiveCfg = Release|Any CPU
		{02B4ADFC-1A59-41CE-9A9F-0571DEDF95DE}.Release|Any CPU.Build.0 = Release|Any CPU
	EndGlobalSection
	GlobalSection(SolutionProperties) = preSolution
		HideSolutionNode = FALSE
	EndGlobalSection
	GlobalSection(ExtensibilityGlobals) = postSolution
		SolutionGuid = {A340110C-ABEB-4C1F-9143-886DC6B39718}
	EndGlobalSection
EndGlobal
